// !$*UTF8*$!
{
	archiveVersion = 1;
	classes = {
	};
	objectVersion = 56;
	objects = {

/* Begin PBXBuildFile section */
		D5E9F7102CE49B9A003A61BA /* AppDelegate.swift in Sources */ = {isa = PBXBuildFile; fileRef = D5E9F70F2CE49B9A003A61BA /* AppDelegate.swift */; };
		D5E9F7122CE49B9A003A61BA /* SceneDelegate.swift in Sources */ = {isa = PBXBuildFile; fileRef = D5E9F7112CE49B9A003A61BA /* SceneDelegate.swift */; };
		D5E9F7142CE49B9A003A61BA /* ViewController.swift in Sources */ = {isa = PBXBuildFile; fileRef = D5E9F7132CE49B9A003A61BA /* ViewController.swift */; };
		D5E9F7172CE49B9A003A61BA /* Base in Resources */ = {isa = PBXBuildFile; fileRef = D5E9F7162CE49B9A003A61BA /* Base */; };
		D5E9F7192CE49B9C003A61BA /* Assets.xcassets in Resources */ = {isa = PBXBuildFile; fileRef = D5E9F7182CE49B9C003A61BA /* Assets.xcassets */; };
		D5E9F71C2CE49B9C003A61BA /* Base in Resources */ = {isa = PBXBuildFile; fileRef = D5E9F71B2CE49B9C003A61BA /* Base */; };
		D5E9F7272CE49B9C003A61BA /* UIDate_PickerTests.swift in Sources */ = {isa = PBXBuildFile; fileRef = D5E9F7262CE49B9C003A61BA /* UIDate_PickerTests.swift */; };
		D5E9F7312CE49B9C003A61BA /* UIDate_PickerUITests.swift in Sources */ = {isa = PBXBuildFile; fileRef = D5E9F7302CE49B9C003A61BA /* UIDate_PickerUITests.swift */; };
		D5E9F7332CE49B9C003A61BA /* UIDate_PickerUITestsLaunchTests.swift in Sources */ = {isa = PBXBuildFile; fileRef = D5E9F7322CE49B9C003A61BA /* UIDate_PickerUITestsLaunchTests.swift */; };
/* End PBXBuildFile section */

/* Begin PBXContainerItemProxy section */
		D5E9F7232CE49B9C003A61BA /* PBXContainerItemProxy */ = {
			isa = PBXContainerItemProxy;
			containerPortal = D5E9F7042CE49B9A003A61BA /* Project object */;
			proxyType = 1;
			remoteGlobalIDString = D5E9F70B2CE49B9A003A61BA;
			remoteInfo = "UIDate-Picker";
		};
		D5E9F72D2CE49B9C003A61BA /* PBXContainerItemProxy */ = {
			isa = PBXContainerItemProxy;
			containerPortal = D5E9F7042CE49B9A003A61BA /* Project object */;
			proxyType = 1;
			remoteGlobalIDString = D5E9F70B2CE49B9A003A61BA;
			remoteInfo = "UIDate-Picker";
		};
/* End PBXContainerItemProxy section */

/* Begin PBXFileReference section */
		D5E9F70C2CE49B9A003A61BA /* UIDate-Picker.app */ = {isa = PBXFileReference; explicitFileType = wrapper.application; includeInIndex = 0; path = "UIDate-Picker.app"; sourceTree = BUILT_PRODUCTS_DIR; };
		D5E9F70F2CE49B9A003A61BA /* AppDelegate.swift */ = {isa = PBXFileReference; lastKnownFileType = sourcecode.swift; path = AppDelegate.swift; sourceTree = "<group>"; };
		D5E9F7112CE49B9A003A61BA /* SceneDelegate.swift */ = {isa = PBXFileReference; lastKnownFileType = sourcecode.swift; path = SceneDelegate.swift; sourceTree = "<group>"; };
		D5E9F7132CE49B9A003A61BA /* ViewController.swift */ = {isa = PBXFileReference; lastKnownFileType = sourcecode.swift; path = ViewController.swift; sourceTree = "<group>"; };
		D5E9F7162CE49B9A003A61BA /* Base */ = {isa = PBXFileReference; lastKnownFileType = file.storyboard; name = Base; path = Base.lproj/Main.storyboard; sourceTree = "<group>"; };
		D5E9F7182CE49B9C003A61BA /* Assets.xcassets */ = {isa = PBXFileReference; lastKnownFileType = folder.assetcatalog; path = Assets.xcassets; sourceTree = "<group>"; };
		D5E9F71B2CE49B9C003A61BA /* Base */ = {isa = PBXFileReference; lastKnownFileType = file.storyboard; name = Base; path = Base.lproj/LaunchScreen.storyboard; sourceTree = "<group>"; };
		D5E9F71D2CE49B9C003A61BA /* Info.plist */ = {isa = PBXFileReference; lastKnownFileType = text.plist.xml; path = Info.plist; sourceTree = "<group>"; };
		D5E9F7222CE49B9C003A61BA /* UIDate-PickerTests.xctest */ = {isa = PBXFileReference; explicitFileType = wrapper.cfbundle; includeInIndex = 0; path = "UIDate-PickerTests.xctest"; sourceTree = BUILT_PRODUCTS_DIR; };
		D5E9F7262CE49B9C003A61BA /* UIDate_PickerTests.swift */ = {isa = PBXFileReference; lastKnownFileType = sourcecode.swift; path = UIDate_PickerTests.swift; sourceTree = "<group>"; };
		D5E9F72C2CE49B9C003A61BA /* UIDate-PickerUITests.xctest */ = {isa = PBXFileReference; explicitFileType = wrapper.cfbundle; includeInIndex = 0; path = "UIDate-PickerUITests.xctest"; sourceTree = BUILT_PRODUCTS_DIR; };
		D5E9F7302CE49B9C003A61BA /* UIDate_PickerUITests.swift */ = {isa = PBXFileReference; lastKnownFileType = sourcecode.swift; path = UIDate_PickerUITests.swift; sourceTree = "<group>"; };
		D5E9F7322CE49B9C003A61BA /* UIDate_PickerUITestsLaunchTests.swift */ = {isa = PBXFileReference; lastKnownFileType = sourcecode.swift; path = UIDate_PickerUITestsLaunchTests.swift; sourceTree = "<group>"; };
/* End PBXFileReference section */

/* Begin PBXFrameworksBuildPhase section */
		D5E9F7092CE49B9A003A61BA /* Frameworks */ = {
			isa = PBXFrameworksBuildPhase;
			buildActionMask = 2147483647;
			files = (
			);
			runOnlyForDeploymentPostprocessing = 0;
		};
		D5E9F71F2CE49B9C003A61BA /* Frameworks */ = {
			isa = PBXFrameworksBuildPhase;
			buildActionMask = 2147483647;
			files = (
			);
			runOnlyForDeploymentPostprocessing = 0;
		};
		D5E9F7292CE49B9C003A61BA /* Frameworks */ = {
			isa = PBXFrameworksBuildPhase;
			buildActionMask = 2147483647;
			files = (
			);
			runOnlyForDeploymentPostprocessing = 0;
		};
/* End PBXFrameworksBuildPhase section */

/* Begin PBXGroup section */
		D5E9F7032CE49B9A003A61BA = {
			isa = PBXGroup;
			children = (
				D5E9F70E2CE49B9A003A61BA /* UIDate-Picker */,
				D5E9F7252CE49B9C003A61BA /* UIDate-PickerTests */,
				D5E9F72F2CE49B9C003A61BA /* UIDate-PickerUITests */,
				D5E9F70D2CE49B9A003A61BA /* Products */,
			);
			sourceTree = "<group>";
		};
		D5E9F70D2CE49B9A003A61BA /* Products */ = {
			isa = PBXGroup;
			children = (
				D5E9F70C2CE49B9A003A61BA /* UIDate-Picker.app */,
				D5E9F7222CE49B9C003A61BA /* UIDate-PickerTests.xctest */,
				D5E9F72C2CE49B9C003A61BA /* UIDate-PickerUITests.xctest */,
			);
			name = Products;
			sourceTree = "<group>";
		};
		D5E9F70E2CE49B9A003A61BA /* UIDate-Picker */ = {
			isa = PBXGroup;
			children = (
				D5E9F70F2CE49B9A003A61BA /* AppDelegate.swift */,
				D5E9F7112CE49B9A003A61BA /* SceneDelegate.swift */,
				D5E9F7132CE49B9A003A61BA /* ViewController.swift */,
				D5E9F7152CE49B9A003A61BA /* Main.storyboard */,
				D5E9F7182CE49B9C003A61BA /* Assets.xcassets */,
				D5E9F71A2CE49B9C003A61BA /* LaunchScreen.storyboard */,
				D5E9F71D2CE49B9C003A61BA /* Info.plist */,
			);
			path = "UIDate-Picker";
			sourceTree = "<group>";
		};
		D5E9F7252CE49B9C003A61BA /* UIDate-PickerTests */ = {
			isa = PBXGroup;
			children = (
				D5E9F7262CE49B9C003A61BA /* UIDate_PickerTests.swift */,
			);
			path = "UIDate-PickerTests";
			sourceTree = "<group>";
		};
		D5E9F72F2CE49B9C003A61BA /* UIDate-PickerUITests */ = {
			isa = PBXGroup;
			children = (
				D5E9F7302CE49B9C003A61BA /* UIDate_PickerUITests.swift */,
				D5E9F7322CE49B9C003A61BA /* UIDate_PickerUITestsLaunchTests.swift */,
			);
			path = "UIDate-PickerUITests";
			sourceTree = "<group>";
		};
/* End PBXGroup section */

/* Begin PBXNativeTarget section */
		D5E9F70B2CE49B9A003A61BA /* UIDate-Picker */ = {
			isa = PBXNativeTarget;
			buildConfigurationList = D5E9F7362CE49B9C003A61BA /* Build configuration list for PBXNativeTarget "UIDate-Picker" */;
			buildPhases = (
				D5E9F7082CE49B9A003A61BA /* Sources */,
				D5E9F7092CE49B9A003A61BA /* Frameworks */,
				D5E9F70A2CE49B9A003A61BA /* Resources */,
			);
			buildRules = (
			);
			dependencies = (
			);
			name = "UIDate-Picker";
			productName = "UIDate-Picker";
			productReference = D5E9F70C2CE49B9A003A61BA /* UIDate-Picker.app */;
			productType = "com.apple.product-type.application";
		};
		D5E9F7212CE49B9C003A61BA /* UIDate-PickerTests */ = {
			isa = PBXNativeTarget;
			buildConfigurationList = D5E9F7392CE49B9C003A61BA /* Build configuration list for PBXNativeTarget "UIDate-PickerTests" */;
			buildPhases = (
				D5E9F71E2CE49B9C003A61BA /* Sources */,
				D5E9F71F2CE49B9C003A61BA /* Frameworks */,
				D5E9F7202CE49B9C003A61BA /* Resources */,
			);
			buildRules = (
			);
			dependencies = (
				D5E9F7242CE49B9C003A61BA /* PBXTargetDependency */,
			);
			name = "UIDate-PickerTests";
			productName = "UIDate-PickerTests";
			productReference = D5E9F7222CE49B9C003A61BA /* UIDate-PickerTests.xctest */;
			productType = "com.apple.product-type.bundle.unit-test";
		};
		D5E9F72B2CE49B9C003A61BA /* UIDate-PickerUITests */ = {
			isa = PBXNativeTarget;
			buildConfigurationList = D5E9F73C2CE49B9C003A61BA /* Build configuration list for PBXNativeTarget "UIDate-PickerUITests" */;
			buildPhases = (
				D5E9F7282CE49B9C003A61BA /* Sources */,
				D5E9F7292CE49B9C003A61BA /* Frameworks */,
				D5E9F72A2CE49B9C003A61BA /* Resources */,
			);
			buildRules = (
			);
			dependencies = (
				D5E9F72E2CE49B9C003A61BA /* PBXTargetDependency */,
			);
			name = "UIDate-PickerUITests";
			productName = "UIDate-PickerUITests";
			productReference = D5E9F72C2CE49B9C003A61BA /* UIDate-PickerUITests.xctest */;
			productType = "com.apple.product-type.bundle.ui-testing";
		};
/* End PBXNativeTarget section */

/* Begin PBXProject section */
		D5E9F7042CE49B9A003A61BA /* Project object */ = {
			isa = PBXProject;
			attributes = {
				BuildIndependentTargetsInParallel = 1;
				LastSwiftUpdateCheck = 1540;
				LastUpgradeCheck = 1540;
				TargetAttributes = {
					D5E9F70B2CE49B9A003A61BA = {
						CreatedOnToolsVersion = 15.4;
					};
					D5E9F7212CE49B9C003A61BA = {
						CreatedOnToolsVersion = 15.4;
						TestTargetID = D5E9F70B2CE49B9A003A61BA;
					};
					D5E9F72B2CE49B9C003A61BA = {
						CreatedOnToolsVersion = 15.4;
						TestTargetID = D5E9F70B2CE49B9A003A61BA;
					};
				};
			};
			buildConfigurationList = D5E9F7072CE49B9A003A61BA /* Build configuration list for PBXProject "UIDate-Picker" */;
			compatibilityVersion = "Xcode 14.0";
			developmentRegion = en;
			hasScannedForEncodings = 0;
			knownRegions = (
				en,
				Base,
			);
			mainGroup = D5E9F7032CE49B9A003A61BA;
			productRefGroup = D5E9F70D2CE49B9A003A61BA /* Products */;
			projectDirPath = "";
			projectRoot = "";
			targets = (
				D5E9F70B2CE49B9A003A61BA /* UIDate-Picker */,
				D5E9F7212CE49B9C003A61BA /* UIDate-PickerTests */,
				D5E9F72B2CE49B9C003A61BA /* UIDate-PickerUITests */,
			);
		};
/* End PBXProject section */

/* Begin PBXResourcesBuildPhase section */
		D5E9F70A2CE49B9A003A61BA /* Resources */ = {
			isa = PBXResourcesBuildPhase;
			buildActionMask = 2147483647;
			files = (
				D5E9F7192CE49B9C003A61BA /* Assets.xcassets in Resources */,
				D5E9F71C2CE49B9C003A61BA /* Base in Resources */,
				D5E9F7172CE49B9A003A61BA /* Base in Resources */,
			);
			runOnlyForDeploymentPostprocessing = 0;
		};
		D5E9F7202CE49B9C003A61BA /* Resources */ = {
			isa = PBXResourcesBuildPhase;
			buildActionMask = 2147483647;
			files = (
			);
			runOnlyForDeploymentPostprocessing = 0;
		};
		D5E9F72A2CE49B9C003A61BA /* Resources */ = {
			isa = PBXResourcesBuildPhase;
			buildActionMask = 2147483647;
			files = (
			);
			runOnlyForDeploymentPostprocessing = 0;
		};
/* End PBXResourcesBuildPhase section */

/* Begin PBXSourcesBuildPhase section */
		D5E9F7082CE49B9A003A61BA /* Sources */ = {
			isa = PBXSourcesBuildPhase;
			buildActionMask = 2147483647;
			files = (
				D5E9F7142CE49B9A003A61BA /* ViewController.swift in Sources */,
				D5E9F7102CE49B9A003A61BA /* AppDelegate.swift in Sources */,
				D5E9F7122CE49B9A003A61BA /* SceneDelegate.swift in Sources */,
			);
			runOnlyForDeploymentPostprocessing = 0;
		};
		D5E9F71E2CE49B9C003A61BA /* Sources */ = {
			isa = PBXSourcesBuildPhase;
			buildActionMask = 2147483647;
			files = (
				D5E9F7272CE49B9C003A61BA /* UIDate_PickerTests.swift in Sources */,
			);
			runOnlyForDeploymentPostprocessing = 0;
		};
		D5E9F7282CE49B9C003A61BA /* Sources */ = {
			isa = PBXSourcesBuildPhase;
			buildActionMask = 2147483647;
			files = (
				D5E9F7332CE49B9C003A61BA /* UIDate_PickerUITestsLaunchTests.swift in Sources */,
				D5E9F7312CE49B9C003A61BA /* UIDate_PickerUITests.swift in Sources */,
			);
			runOnlyForDeploymentPostprocessing = 0;
		};
/* End PBXSourcesBuildPhase section */

/* Begin PBXTargetDependency section */
		D5E9F7242CE49B9C003A61BA /* PBXTargetDependency */ = {
			isa = PBXTargetDependency;
			target = D5E9F70B2CE49B9A003A61BA /* UIDate-Picker */;
			targetProxy = D5E9F7232CE49B9C003A61BA /* PBXContainerItemProxy */;
		};
		D5E9F72E2CE49B9C003A61BA /* PBXTargetDependency */ = {
			isa = PBXTargetDependency;
			target = D5E9F70B2CE49B9A003A61BA /* UIDate-Picker */;
			targetProxy = D5E9F72D2CE49B9C003A61BA /* PBXContainerItemProxy */;
		};
/* End PBXTargetDependency section */

/* Begin PBXVariantGroup section */
		D5E9F7152CE49B9A003A61BA /* Main.storyboard */ = {
			isa = PBXVariantGroup;
			children = (
				D5E9F7162CE49B9A003A61BA /* Base */,
			);
			name = Main.storyboard;
			sourceTree = "<group>";
		};
		D5E9F71A2CE49B9C003A61BA /* LaunchScreen.storyboard */ = {
			isa = PBXVariantGroup;
			children = (
				D5E9F71B2CE49B9C003A61BA /* Base */,
			);
			name = LaunchScreen.storyboard;
			sourceTree = "<group>";
		};
/* End PBXVariantGroup section */

/* Begin XCBuildConfiguration section */
		D5E9F7342CE49B9C003A61BA /* Debug */ = {
			isa = XCBuildConfiguration;
			buildSettings = {
				ALWAYS_SEARCH_USER_PATHS = NO;
				ASSETCATALOG_COMPILER_GENERATE_SWIFT_ASSET_SYMBOL_EXTENSIONS = YES;
				CLANG_ANALYZER_NONNULL = YES;
				CLANG_ANALYZER_NUMBER_OBJECT_CONVERSION = YES_AGGRESSIVE;
				CLANG_CXX_LANGUAGE_STANDARD = "gnu++20";
				CLANG_ENABLE_MODULES = YES;
				CLANG_ENABLE_OBJC_ARC = YES;
				CLANG_ENABLE_OBJC_WEAK = YES;
				CLANG_WARN_BLOCK_CAPTURE_AUTORELEASING = YES;
				CLANG_WARN_BOOL_CONVERSION = YES;
				CLANG_WARN_COMMA = YES;
				CLANG_WARN_CONSTANT_CONVERSION = YES;
				CLANG_WARN_DEPRECATED_OBJC_IMPLEMENTATIONS = YES;
				CLANG_WARN_DIRECT_OBJC_ISA_USAGE = YES_ERROR;
				CLANG_WARN_DOCUMENTATION_COMMENTS = YES;
				CLANG_WARN_EMPTY_BODY = YES;
				CLANG_WARN_ENUM_CONVERSION = YES;
				CLANG_WARN_INFINITE_RECURSION = YES;
				CLANG_WARN_INT_CONVERSION = YES;
				CLANG_WARN_NON_LITERAL_NULL_CONVERSION = YES;
				CLANG_WARN_OBJC_IMPLICIT_RETAIN_SELF = YES;
				CLANG_WARN_OBJC_LITERAL_CONVERSION = YES;
				CLANG_WARN_OBJC_ROOT_CLASS = YES_ERROR;
				CLANG_WARN_QUOTED_INCLUDE_IN_FRAMEWORK_HEADER = YES;
				CLANG_WARN_RANGE_LOOP_ANALYSIS = YES;
				CLANG_WARN_STRICT_PROTOTYPES = YES;
				CLANG_WARN_SUSPICIOUS_MOVE = YES;
				CLANG_WARN_UNGUARDED_AVAILABILITY = YES_AGGRESSIVE;
				CLANG_WARN_UNREACHABLE_CODE = YES;
				CLANG_WARN__DUPLICATE_METHOD_MATCH = YES;
				COPY_PHASE_STRIP = NO;
				DEBUG_INFORMATION_FORMAT = dwarf;
				ENABLE_STRICT_OBJC_MSGSEND = YES;
				ENABLE_TESTABILITY = YES;
				ENABLE_USER_SCRIPT_SANDBOXING = YES;
				GCC_C_LANGUAGE_STANDARD = gnu17;
				GCC_DYNAMIC_NO_PIC = NO;
				GCC_NO_COMMON_BLOCKS = YES;
				GCC_OPTIMIZATION_LEVEL = 0;
				GCC_PREPROCESSOR_DEFINITIONS = (
					"DEBUG=1",
					"$(inherited)",
				);
				GCC_WARN_64_TO_32_BIT_CONVERSION = YES;
				GCC_WARN_ABOUT_RETURN_TYPE = YES_ERROR;
				GCC_WARN_UNDECLARED_SELECTOR = YES;
				GCC_WARN_UNINITIALIZED_AUTOS = YES_AGGRESSIVE;
				GCC_WARN_UNUSED_FUNCTION = YES;
				GCC_WARN_UNUSED_VARIABLE = YES;
				IPHONEOS_DEPLOYMENT_TARGET = 17.5;
				LOCALIZATION_PREFERS_STRING_CATALOGS = YES;
				MTL_ENABLE_DEBUG_INFO = INCLUDE_SOURCE;
				MTL_FAST_MATH = YES;
				ONLY_ACTIVE_ARCH = YES;
				SDKROOT = iphoneos;
				SWIFT_ACTIVE_COMPILATION_CONDITIONS = "DEBUG $(inherited)";
				SWIFT_OPTIMIZATION_LEVEL = "-Onone";
			};
			name = Debug;
		};
		D5E9F7352CE49B9C003A61BA /* Release */ = {
			isa = XCBuildConfiguration;
			buildSettings = {
				ALWAYS_SEARCH_USER_PATHS = NO;
				ASSETCATALOG_COMPILER_GENERATE_SWIFT_ASSET_SYMBOL_EXTENSIONS = YES;
				CLANG_ANALYZER_NONNULL = YES;
				CLANG_ANALYZER_NUMBER_OBJECT_CONVERSION = YES_AGGRESSIVE;
				CLANG_CXX_LANGUAGE_STANDARD = "gnu++20";
				CLANG_ENABLE_MODULES = YES;
				CLANG_ENABLE_OBJC_ARC = YES;
				CLANG_ENABLE_OBJC_WEAK = YES;
				CLANG_WARN_BLOCK_CAPTURE_AUTORELEASING = YES;
				CLANG_WARN_BOOL_CONVERSION = YES;
				CLANG_WARN_COMMA = YES;
				CLANG_WARN_CONSTANT_CONVERSION = YES;
				CLANG_WARN_DEPRECATED_OBJC_IMPLEMENTATIONS = YES;
				CLANG_WARN_DIRECT_OBJC_ISA_USAGE = YES_ERROR;
				CLANG_WARN_DOCUMENTATION_COMMENTS = YES;
				CLANG_WARN_EMPTY_BODY = YES;
				CLANG_WARN_ENUM_CONVERSION = YES;
				CLANG_WARN_INFINITE_RECURSION = YES;
				CLANG_WARN_INT_CONVERSION = YES;
				CLANG_WARN_NON_LITERAL_NULL_CONVERSION = YES;
				CLANG_WARN_OBJC_IMPLICIT_RETAIN_SELF = YES;
				CLANG_WARN_OBJC_LITERAL_CONVERSION = YES;
				CLANG_WARN_OBJC_ROOT_CLASS = YES_ERROR;
				CLANG_WARN_QUOTED_INCLUDE_IN_FRAMEWORK_HEADER = YES;
				CLANG_WARN_RANGE_LOOP_ANALYSIS = YES;
				CLANG_WARN_STRICT_PROTOTYPES = YES;
				CLANG_WARN_SUSPICIOUS_MOVE = YES;
				CLANG_WARN_UNGUARDED_AVAILABILITY = YES_AGGRESSIVE;
				CLANG_WARN_UNREACHABLE_CODE = YES;
				CLANG_WARN__DUPLICATE_METHOD_MATCH = YES;
				COPY_PHASE_STRIP = NO;
				DEBUG_INFORMATION_FORMAT = "dwarf-with-dsym";
				ENABLE_NS_ASSERTIONS = NO;
				ENABLE_STRICT_OBJC_MSGSEND = YES;
				ENABLE_USER_SCRIPT_SANDBOXING = YES;
				GCC_C_LANGUAGE_STANDARD = gnu17;
				GCC_NO_COMMON_BLOCKS = YES;
				GCC_WARN_64_TO_32_BIT_CONVERSION = YES;
				GCC_WARN_ABOUT_RETURN_TYPE = YES_ERROR;
				GCC_WARN_UNDECLARED_SELECTOR = YES;
				GCC_WARN_UNINITIALIZED_AUTOS = YES_AGGRESSIVE;
				GCC_WARN_UNUSED_FUNCTION = YES;
				GCC_WARN_UNUSED_VARIABLE = YES;
				IPHONEOS_DEPLOYMENT_TARGET = 17.5;
				LOCALIZATION_PREFERS_STRING_CATALOGS = YES;
				MTL_ENABLE_DEBUG_INFO = NO;
				MTL_FAST_MATH = YES;
				SDKROOT = iphoneos;
				SWIFT_COMPILATION_MODE = wholemodule;
				VALIDATE_PRODUCT = YES;
			};
			name = Release;
		};
		D5E9F7372CE49B9C003A61BA /* Debug */ = {
			isa = XCBuildConfiguration;
			buildSettings = {
				ASSETCATALOG_COMPILER_APPICON_NAME = AppIcon;
				ASSETCATALOG_COMPILER_GLOBAL_ACCENT_COLOR_NAME = AccentColor;
				CODE_SIGN_STYLE = Automatic;
				CURRENT_PROJECT_VERSION = 1;
				GENERATE_INFOPLIST_FILE = YES;
				INFOPLIST_FILE = "UIDate-Picker/Info.plist";
				INFOPLIST_KEY_UIApplicationSupportsIndirectInputEvents = YES;
				INFOPLIST_KEY_UILaunchStoryboardName = LaunchScreen;
				INFOPLIST_KEY_UIMainStoryboardFile = Main;
				INFOPLIST_KEY_UISupportedInterfaceOrientations_iPad = "UIInterfaceOrientationPortrait UIInterfaceOrientationPortraitUpsideDown UIInterfaceOrientationLandscapeLeft UIInterfaceOrientationLandscapeRight";
				INFOPLIST_KEY_UISupportedInterfaceOrientations_iPhone = "UIInterfaceOrientationPortrait UIInterfaceOrientationLandscapeLeft UIInterfaceOrientationLandscapeRight";
				LD_RUNPATH_SEARCH_PATHS = (
					"$(inherited)",
					"@executable_path/Frameworks",
				);
				MARKETING_VERSION = 1.0;
				PRODUCT_BUNDLE_IDENTIFIER = "manasi.UIDate-Picker";
				PRODUCT_NAME = "$(TARGET_NAME)";
				SWIFT_EMIT_LOC_STRINGS = YES;
				SWIFT_VERSION = 5.0;
				TARGETED_DEVICE_FAMILY = "1,2";
			};
			name = Debug;
		};
		D5E9F7382CE49B9C003A61BA /* Release */ = {
			isa = XCBuildConfiguration;
			buildSettings = {
				ASSETCATALOG_COMPILER_APPICON_NAME = AppIcon;
				ASSETCATALOG_COMPILER_GLOBAL_ACCENT_COLOR_NAME = AccentColor;
				CODE_SIGN_STYLE = Automatic;
				CURRENT_PROJECT_VERSION = 1;
				GENERATE_INFOPLIST_FILE = YES;
				INFOPLIST_FILE = "UIDate-Picker/Info.plist";
				INFOPLIST_KEY_UIApplicationSupportsIndirectInputEvents = YES;
				INFOPLIST_KEY_UILaunchStoryboardName = LaunchScreen;
				INFOPLIST_KEY_UIMainStoryboardFile = Main;
				INFOPLIST_KEY_UISupportedInterfaceOrientations_iPad = "UIInterfaceOrientationPortrait UIInterfaceOrientationPortraitUpsideDown UIInterfaceOrientationLandscapeLeft UIInterfaceOrientationLandscapeRight";
				INFOPLIST_KEY_UISupportedInterfaceOrientations_iPhone = "UIInterfaceOrientationPortrait UIInterfaceOrientationLandscapeLeft UIInterfaceOrientationLandscapeRight";
				LD_RUNPATH_SEARCH_PATHS = (
					"$(inherited)",
					"@executable_path/Frameworks",
				);
				MARKETING_VERSION = 1.0;
				PRODUCT_BUNDLE_IDENTIFIER = "manasi.UIDate-Picker";
				PRODUCT_NAME = "$(TARGET_NAME)";
				SWIFT_EMIT_LOC_STRINGS = YES;
				SWIFT_VERSION = 5.0;
				TARGETED_DEVICE_FAMILY = "1,2";
			};
			name = Release;
		};
		D5E9F73A2CE49B9C003A61BA /* Debug */ = {
			isa = XCBuildConfiguration;
			buildSettings = {
				ALWAYS_EMBED_SWIFT_STANDARD_LIBRARIES = YES;
				BUNDLE_LOADER = "$(TEST_HOST)";
				CODE_SIGN_STYLE = Automatic;
				CURRENT_PROJECT_VERSION = 1;
				GENERATE_INFOPLIST_FILE = YES;
				IPHONEOS_DEPLOYMENT_TARGET = 17.5;
				MARKETING_VERSION = 1.0;
				PRODUCT_BUNDLE_IDENTIFIER = "manasi.UIDate-PickerTests";
				PRODUCT_NAME = "$(TARGET_NAME)";
				SWIFT_EMIT_LOC_STRINGS = NO;
				SWIFT_VERSION = 5.0;
				TARGETED_DEVICE_FAMILY = "1,2";
				TEST_HOST = "$(BUILT_PRODUCTS_DIR)/UIDate-Picker.app/$(BUNDLE_EXECUTABLE_FOLDER_PATH)/UIDate-Picker";
			};
			name = Debug;
		};
		D5E9F73B2CE49B9C003A61BA /* Release */ = {
			isa = XCBuildConfiguration;
			buildSettings = {
				ALWAYS_EMBED_SWIFT_STANDARD_LIBRARIES = YES;
				BUNDLE_LOADER = "$(TEST_HOST)";
				CODE_SIGN_STYLE = Automatic;
				CURRENT_PROJECT_VERSION = 1;
				GENERATE_INFOPLIST_FILE = YES;
				IPHONEOS_DEPLOYMENT_TARGET = 17.5;
				MARKETING_VERSION = 1.0;
				PRODUCT_BUNDLE_IDENTIFIER = "manasi.UIDate-PickerTests";
				PRODUCT_NAME = "$(TARGET_NAME)";
				SWIFT_EMIT_LOC_STRINGS = NO;
				SWIFT_VERSION = 5.0;
				TARGETED_DEVICE_FAMILY = "1,2";
				TEST_HOST = "$(BUILT_PRODUCTS_DIR)/UIDate-Picker.app/$(BUNDLE_EXECUTABLE_FOLDER_PATH)/UIDate-Picker";
			};
			name = Release;
		};
		D5E9F73D2CE49B9C003A61BA /* Debug */ = {
			isa = XCBuildConfiguration;
			buildSettings = {
				ALWAYS_EMBED_SWIFT_STANDARD_LIBRARIES = YES;
				CODE_SIGN_STYLE = Automatic;
				CURRENT_PROJECT_VERSION = 1;
				GENERATE_INFOPLIST_FILE = YES;
				MARKETING_VERSION = 1.0;
				PRODUCT_BUNDLE_IDENTIFIER = "manasi.UIDate-PickerUITests";
				PRODUCT_NAME = "$(TARGET_NAME)";
				SWIFT_EMIT_LOC_STRINGS = NO;
				SWIFT_VERSION = 5.0;
				TARGETED_DEVICE_FAMILY = "1,2";
				TEST_TARGET_NAME = "UIDate-Picker";
			};
			name = Debug;
		};
		D5E9F73E2CE49B9C003A61BA /* Release */ = {
			isa = XCBuildConfiguration;
			buildSettings = {
				ALWAYS_EMBED_SWIFT_STANDARD_LIBRARIES = YES;
				CODE_SIGN_STYLE = Automatic;
				CURRENT_PROJECT_VERSION = 1;
				GENERATE_INFOPLIST_FILE = YES;
				MARKETING_VERSION = 1.0;
				PRODUCT_BUNDLE_IDENTIFIER = "manasi.UIDate-PickerUITests";
				PRODUCT_NAME = "$(TARGET_NAME)";
				SWIFT_EMIT_LOC_STRINGS = NO;
				SWIFT_VERSION = 5.0;
				TARGETED_DEVICE_FAMILY = "1,2";
				TEST_TARGET_NAME = "UIDate-Picker";
			};
			name = Release;
		};
/* End XCBuildConfiguration section */

/* Begin XCConfigurationList section */
		D5E9F7072CE49B9A003A61BA /* Build configuration list for PBXProject "UIDate-Picker" */ = {
			isa = XCConfigurationList;
			buildConfigurations = (
				D5E9F7342CE49B9C003A61BA /* Debug */,
				D5E9F7352CE49B9C003A61BA /* Release */,
			);
			defaultConfigurationIsVisible = 0;
			defaultConfigurationName = Release;
		};
		D5E9F7362CE49B9C003A61BA /* Build configuration list for PBXNativeTarget "UIDate-Picker" */ = {
			isa = XCConfigurationList;
			buildConfigurations = (
				D5E9F7372CE49B9C003A61BA /* Debug */,
				D5E9F7382CE49B9C003A61BA /* Release */,
			);
			defaultConfigurationIsVisible = 0;
			defaultConfigurationName = Release;
		};
		D5E9F7392CE49B9C003A61BA /* Build configuration list for PBXNativeTarget "UIDate-PickerTests" */ = {
			isa = XCConfigurationList;
			buildConfigurations = (
				D5E9F73A2CE49B9C003A61BA /* Debug */,
				D5E9F73B2CE49B9C003A61BA /* Release */,
			);
			defaultConfigurationIsVisible = 0;
			defaultConfigurationName = Release;
		};
		D5E9F73C2CE49B9C003A61BA /* Build configuration list for PBXNativeTarget "UIDate-PickerUITests" */ = {
			isa = XCConfigurationList;
			buildConfigurations = (
				D5E9F73D2CE49B9C003A61BA /* Debug */,
				D5E9F73E2CE49B9C003A61BA /* Release */,
			);
			defaultConfigurationIsVisible = 0;
			defaultConfigurationName = Release;
		};
/* End XCConfigurationList section */
	};
	rootObject = D5E9F7042CE49B9A003A61BA /* Project object */;
}
